// !$*UTF8*$!
{
	archiveVersion = 1;
	classes = {
	};
	objectVersion = 51;
	objects = {

/* Begin PBXBuildFile section */
		0D131DE3262F499100D6969C /* FavoriteLeaguesTableViewController.swift in Sources */ = {isa = PBXBuildFile; fileRef = 0D131DE2262F499100D6969C /* FavoriteLeaguesTableViewController.swift */; };
		0D131DE6262F4C8200D6969C /* LeaguesTableViewController.swift in Sources */ = {isa = PBXBuildFile; fileRef = 0D131DE4262F4C8200D6969C /* LeaguesTableViewController.swift */; };
		0D131DE9262F4CA500D6969C /* LeagueDetailsViewController.swift in Sources */ = {isa = PBXBuildFile; fileRef = 0D131DE8262F4CA500D6969C /* LeagueDetailsViewController.swift */; };
		0D2014A52638994C002096A7 /* LeagueDetailsContract.swift in Sources */ = {isa = PBXBuildFile; fileRef = 0D2014A42638994C002096A7 /* LeagueDetailsContract.swift */; };
		0D2014A82638CFED002096A7 /* FavoriteLeaguesPresenter.swift in Sources */ = {isa = PBXBuildFile; fileRef = 0D2014A72638CFED002096A7 /* FavoriteLeaguesPresenter.swift */; };
		0D79BC53263ECFD800F3A54C /* TeamsLeagueDetailsTests.swift in Sources */ = {isa = PBXBuildFile; fileRef = 0D79BC52263ECFD800F3A54C /* TeamsLeagueDetailsTests.swift */; };
		0D79BC55263ED5E700F3A54C /* MockTeamsLeagueDetailsAPI.swift in Sources */ = {isa = PBXBuildFile; fileRef = 0D79BC54263ED5E700F3A54C /* MockTeamsLeagueDetailsAPI.swift */; };
		0D79BC57263EE0AD00F3A54C /* UpcomingEventsLeagueDetailsTests.swift in Sources */ = {isa = PBXBuildFile; fileRef = 0D79BC56263EE0AD00F3A54C /* UpcomingEventsLeagueDetailsTests.swift */; };
		0D79BC59263EE7B200F3A54C /* MockUpcomingEventsLeagueDetailsAPI.swift in Sources */ = {isa = PBXBuildFile; fileRef = 0D79BC58263EE7B200F3A54C /* MockUpcomingEventsLeagueDetailsAPI.swift */; };
		0D79BC5B263EED3B00F3A54C /* LastEventsLeagueDetailsTests.swift in Sources */ = {isa = PBXBuildFile; fileRef = 0D79BC5A263EED3B00F3A54C /* LastEventsLeagueDetailsTests.swift */; };
		0D79BC5D263EEEF900F3A54C /* MockLastEventsLeagueDetailsAPI.swift in Sources */ = {isa = PBXBuildFile; fileRef = 0D79BC5C263EEEF900F3A54C /* MockLastEventsLeagueDetailsAPI.swift */; };
		0D89B2362635237A00F6B06C /* Team.swift in Sources */ = {isa = PBXBuildFile; fileRef = 0D89B2352635237A00F6B06C /* Team.swift */; };
		0D89B2392635246700F6B06C /* TeamsPresenter.swift in Sources */ = {isa = PBXBuildFile; fileRef = 0D89B2382635246700F6B06C /* TeamsPresenter.swift */; };
		0D89B23C2635262800F6B06C /* TeamsContract.swift in Sources */ = {isa = PBXBuildFile; fileRef = 0D89B23B2635262800F6B06C /* TeamsContract.swift */; };
		0D89B23F263543BD00F6B06C /* LastEventPresenter.swift in Sources */ = {isa = PBXBuildFile; fileRef = 0D89B23E263543BD00F6B06C /* LastEventPresenter.swift */; };
		0D89B242263545B700F6B06C /* LastEvents.swift in Sources */ = {isa = PBXBuildFile; fileRef = 0D89B241263545B700F6B06C /* LastEvents.swift */; };
		0D89B24526355D7C00F6B06C /* LasteventsContract.swift in Sources */ = {isa = PBXBuildFile; fileRef = 0D89B24426355D7C00F6B06C /* LasteventsContract.swift */; };
		0D89B248263574C500F6B06C /* UpcomingEvents.swift in Sources */ = {isa = PBXBuildFile; fileRef = 0D89B247263574C500F6B06C /* UpcomingEvents.swift */; };
		0D89B24D263577D900F6B06C /* UpcomingEventsContract.swift in Sources */ = {isa = PBXBuildFile; fileRef = 0D89B24C263577D900F6B06C /* UpcomingEventsContract.swift */; };
		0D89B2502635790100F6B06C /* UpcomingEventPresenter.swift in Sources */ = {isa = PBXBuildFile; fileRef = 0D89B24F2635790100F6B06C /* UpcomingEventPresenter.swift */; };
		0DC232A326325DAB007B6CA2 /* HeaderTitleTableViewCell.swift in Sources */ = {isa = PBXBuildFile; fileRef = 0DC232A126325DAB007B6CA2 /* HeaderTitleTableViewCell.swift */; };
		0DC232A426325DAB007B6CA2 /* HeaderTitleTableViewCell.xib in Resources */ = {isa = PBXBuildFile; fileRef = 0DC232A226325DAB007B6CA2 /* HeaderTitleTableViewCell.xib */; };
		0DC232A826325DAB007B6CA2 /* UpcomingCollectionViewCelll.swift in Sources */ = {isa = PBXBuildFile; fileRef = 0DC232A626325DAB007B6CA2 /* UpcomingCollectionViewCelll.swift */; };
		0DC232A926325DAB007B6CA2 /* UpcomingCollectionViewCelll.xib in Resources */ = {isa = PBXBuildFile; fileRef = 0DC232A726325DAB007B6CA2 /* UpcomingCollectionViewCelll.xib */; };
		0DC232AD2632635D007B6CA2 /* UpcomingTableViewCell.swift in Sources */ = {isa = PBXBuildFile; fileRef = 0DC232AC2632635D007B6CA2 /* UpcomingTableViewCell.swift */; };
		0DC232B326328F5B007B6CA2 /* LastCollectionViewCell.swift in Sources */ = {isa = PBXBuildFile; fileRef = 0DC232B126328F5B007B6CA2 /* LastCollectionViewCell.swift */; };
		0DC232B426328F5B007B6CA2 /* LastCollectionViewCell.xib in Resources */ = {isa = PBXBuildFile; fileRef = 0DC232B226328F5B007B6CA2 /* LastCollectionViewCell.xib */; };
		0DC232B626329A7F007B6CA2 /* LastTableViewCell.swift in Sources */ = {isa = PBXBuildFile; fileRef = 0DC232B526329A7F007B6CA2 /* LastTableViewCell.swift */; };
		0DC232BB26329E31007B6CA2 /* TeamsTableViewCell.swift in Sources */ = {isa = PBXBuildFile; fileRef = 0DC232BA26329E31007B6CA2 /* TeamsTableViewCell.swift */; };
		0DC232BF26329E5C007B6CA2 /* TeamsCollectionViewCell.swift in Sources */ = {isa = PBXBuildFile; fileRef = 0DC232BD26329E5C007B6CA2 /* TeamsCollectionViewCell.swift */; };
		0DC232C026329E5C007B6CA2 /* TeamsCollectionViewCell.xib in Resources */ = {isa = PBXBuildFile; fileRef = 0DC232BE26329E5C007B6CA2 /* TeamsCollectionViewCell.xib */; };
		0DD9C9DD262F42F000C12C58 /* AppDelegate.swift in Sources */ = {isa = PBXBuildFile; fileRef = 0DD9C9DC262F42F000C12C58 /* AppDelegate.swift */; };
		0DD9C9DF262F42F000C12C58 /* SceneDelegate.swift in Sources */ = {isa = PBXBuildFile; fileRef = 0DD9C9DE262F42F000C12C58 /* SceneDelegate.swift */; };
		0DD9C9E4262F42F000C12C58 /* Main.storyboard in Resources */ = {isa = PBXBuildFile; fileRef = 0DD9C9E2262F42F000C12C58 /* Main.storyboard */; };
		0DD9C9E7262F42F000C12C58 /* Sportify.xcdatamodeld in Sources */ = {isa = PBXBuildFile; fileRef = 0DD9C9E5262F42F000C12C58 /* Sportify.xcdatamodeld */; };
		0DD9C9E9262F42F100C12C58 /* Assets.xcassets in Resources */ = {isa = PBXBuildFile; fileRef = 0DD9C9E8262F42F100C12C58 /* Assets.xcassets */; };
		0DD9C9EC262F42F100C12C58 /* LaunchScreen.storyboard in Resources */ = {isa = PBXBuildFile; fileRef = 0DD9C9EA262F42F100C12C58 /* LaunchScreen.storyboard */; };
		0DD9C9F7262F42F100C12C58 /* SportifyTests.swift in Sources */ = {isa = PBXBuildFile; fileRef = 0DD9C9F6262F42F100C12C58 /* SportifyTests.swift */; };
		0DD9CA02262F42F100C12C58 /* SportifyUITests.swift in Sources */ = {isa = PBXBuildFile; fileRef = 0DD9CA01262F42F100C12C58 /* SportifyUITests.swift */; };
		0DDC6B492630D74E00A4B002 /* Constants.swift in Sources */ = {isa = PBXBuildFile; fileRef = 0DDC6B482630D74E00A4B002 /* Constants.swift */; };
		0DDC6B4E2630D74E00A4B002 /* BaseContract.swift in Sources */ = {isa = PBXBuildFile; fileRef = 0DDC6B4D2630D74E00A4B002 /* BaseContract.swift */; };
		0DDC6B512630D74E00A4B002 /* NetworkManager.swift in Sources */ = {isa = PBXBuildFile; fileRef = 0DDC6B502630D74E00A4B002 /* NetworkManager.swift */; };
		0DDC6B542630D74E00A4B002 /* LocalManager.swift in Sources */ = {isa = PBXBuildFile; fileRef = 0DDC6B532630D74E00A4B002 /* LocalManager.swift */; };
		0DDDF70C2640098800F0FB7E /* LeagueDetailsUITests.swift in Sources */ = {isa = PBXBuildFile; fileRef = 0DDDF70B2640098800F0FB7E /* LeagueDetailsUITests.swift */; };
		0DF75481263937D30020F796 /* FavoriteLeaguesContracts.swift in Sources */ = {isa = PBXBuildFile; fileRef = 0DF75480263937D30020F796 /* FavoriteLeaguesContracts.swift */; };
		0DFD34A526379BBD00A7F8CE /* LeagueDetailsPresenter.swift in Sources */ = {isa = PBXBuildFile; fileRef = 0DFD34A426379BBD00A7F8CE /* LeagueDetailsPresenter.swift */; };
		2F1D116BD130C141E2E0F2C7 /* Pods_Sportify_SportifyUITests.framework in Frameworks */ = {isa = PBXBuildFile; fileRef = CEB99E0546993C6FD452CAEE /* Pods_Sportify_SportifyUITests.framework */; };
		C20CF77126316BAE0007059C /* AllSportsViewController.swift in Sources */ = {isa = PBXBuildFile; fileRef = C20CF77026316BAE0007059C /* AllSportsViewController.swift */; };
		C20CF77426316C1E0007059C /* AllSportsCollectionViewCell.swift in Sources */ = {isa = PBXBuildFile; fileRef = C20CF77226316C1E0007059C /* AllSportsCollectionViewCell.swift */; };
		C20CF77526316C1E0007059C /* AllSportsCollectionViewCell.xib in Resources */ = {isa = PBXBuildFile; fileRef = C20CF77326316C1E0007059C /* AllSportsCollectionViewCell.xib */; };
		C20CF77726317F010007059C /* AllSportsModel.swift in Sources */ = {isa = PBXBuildFile; fileRef = C20CF77626317F010007059C /* AllSportsModel.swift */; };
		C20CF77926317FD70007059C /* AllSportPresenter.swift in Sources */ = {isa = PBXBuildFile; fileRef = C20CF77826317FD70007059C /* AllSportPresenter.swift */; };
		C20CF77C26317FFE0007059C /* All Sports Contract.swift in Sources */ = {isa = PBXBuildFile; fileRef = C20CF77B26317FFE0007059C /* All Sports Contract.swift */; };
		C20CF77F263188300007059C /* Utils.swift in Sources */ = {isa = PBXBuildFile; fileRef = C20CF77E263188300007059C /* Utils.swift */; };
		C210B889263E6E3200E2D7A4 /* AllSportsTests.swift in Sources */ = {isa = PBXBuildFile; fileRef = C210B888263E6E3200E2D7A4 /* AllSportsTests.swift */; };
		C210B88C263E720300E2D7A4 /* MockAllSportsAPI.swift in Sources */ = {isa = PBXBuildFile; fileRef = C210B88B263E720300E2D7A4 /* MockAllSportsAPI.swift */; };
		C213EF7E2637FF8D00C0E6A2 /* TargetType.swift in Sources */ = {isa = PBXBuildFile; fileRef = C213EF7D2637FF8D00C0E6A2 /* TargetType.swift */; };
		C213EF80263801CE00C0E6A2 /* BaseAPI.swift in Sources */ = {isa = PBXBuildFile; fileRef = C213EF7F263801CE00C0E6A2 /* BaseAPI.swift */; };
		C213EF8226380A0C00C0E6A2 /* ApplicationNetworking.swift in Sources */ = {isa = PBXBuildFile; fileRef = C213EF8126380A0C00C0E6A2 /* ApplicationNetworking.swift */; };
		C213EF8426380E5400C0E6A2 /* SportsAPI.swift in Sources */ = {isa = PBXBuildFile; fileRef = C213EF8326380E5400C0E6A2 /* SportsAPI.swift */; };
		C22CEE682634100400E1FAC6 /* LeaguesContracts.swift in Sources */ = {isa = PBXBuildFile; fileRef = C22CEE672634100400E1FAC6 /* LeaguesContracts.swift */; };
		C22CEE6A2634103E00E1FAC6 /* LeaguesModel.swift in Sources */ = {isa = PBXBuildFile; fileRef = C22CEE692634103E00E1FAC6 /* LeaguesModel.swift */; };
		C22CEE6F2634127E00E1FAC6 /* LeaguesPresenter.swift in Sources */ = {isa = PBXBuildFile; fileRef = C22CEE6E2634127E00E1FAC6 /* LeaguesPresenter.swift */; };
		C22CEE722634235400E1FAC6 /* WebViewViewController.swift in Sources */ = {isa = PBXBuildFile; fileRef = C22CEE712634235400E1FAC6 /* WebViewViewController.swift */; };
		C22CEE74263425DF00E1FAC6 /* WebKit.framework in Frameworks */ = {isa = PBXBuildFile; fileRef = C22CEE73263425DF00E1FAC6 /* WebKit.framework */; };
		C23BA8BA2643CCED007A813B /* sports-loader.json in Resources */ = {isa = PBXBuildFile; fileRef = C23BA8B92643CCED007A813B /* sports-loader.json */; };
		C24367702632C85F00E1DB8D /* LeaguesTableViewCell.swift in Sources */ = {isa = PBXBuildFile; fileRef = C243676E2632C85F00E1DB8D /* LeaguesTableViewCell.swift */; };
		C24367712632C85F00E1DB8D /* LeaguesTableViewCell.xib in Resources */ = {isa = PBXBuildFile; fileRef = C243676F2632C85F00E1DB8D /* LeaguesTableViewCell.xib */; };
		C2A8AA6826361B2B006AAA57 /* TeamDetailsTableViewController.swift in Sources */ = {isa = PBXBuildFile; fileRef = C2A8AA6726361B2B006AAA57 /* TeamDetailsTableViewController.swift */; };
		C2A8AA6A26363828006AAA57 /* TeamDetalsModel.swift in Sources */ = {isa = PBXBuildFile; fileRef = C2A8AA6926363828006AAA57 /* TeamDetalsModel.swift */; };
		C2A8AA6C2636390D006AAA57 /* Team Details Contracts.swift in Sources */ = {isa = PBXBuildFile; fileRef = C2A8AA6B2636390D006AAA57 /* Team Details Contracts.swift */; };
		C2A8AA7126363A7A006AAA57 /* TeamDetailsPresenter.swift in Sources */ = {isa = PBXBuildFile; fileRef = C2A8AA7026363A7A006AAA57 /* TeamDetailsPresenter.swift */; };
		C2F768D9263E83840053D920 /* AllsportsUITests.swift in Sources */ = {isa = PBXBuildFile; fileRef = C2F768D8263E83840053D920 /* AllsportsUITests.swift */; };
		C2F768E1263EC5F20053D920 /* MockAllLeaguesAPI.swift in Sources */ = {isa = PBXBuildFile; fileRef = C2F768E0263EC5F20053D920 /* MockAllLeaguesAPI.swift */; };
		C2F768E3263EC6170053D920 /* AllLeaguesTests.swift in Sources */ = {isa = PBXBuildFile; fileRef = C2F768E2263EC6170053D920 /* AllLeaguesTests.swift */; };
		C2F768E5263EC7900053D920 /* AllLeaguesUITests.swift in Sources */ = {isa = PBXBuildFile; fileRef = C2F768E4263EC7900053D920 /* AllLeaguesUITests.swift */; };
		CBF850D571615197D58F46F4 /* Pods_Sportify.framework in Frameworks */ = {isa = PBXBuildFile; fileRef = 32D2DFE92BB7FFA07200C544 /* Pods_Sportify.framework */; };
		FEF9E55B64316444D4BA48F1 /* Pods_SportifyTests.framework in Frameworks */ = {isa = PBXBuildFile; fileRef = 864DAA64F6090FEBE33FE970 /* Pods_SportifyTests.framework */; };
/* End PBXBuildFile section */

/* Begin PBXContainerItemProxy section */
		0DD9C9F3262F42F100C12C58 /* PBXContainerItemProxy */ = {
			isa = PBXContainerItemProxy;
			containerPortal = 0DD9C9D1262F42EF00C12C58 /* Project object */;
			proxyType = 1;
			remoteGlobalIDString = 0DD9C9D8262F42F000C12C58;
			remoteInfo = Sportify;
		};
		0DD9C9FE262F42F100C12C58 /* PBXContainerItemProxy */ = {
			isa = PBXContainerItemProxy;
			containerPortal = 0DD9C9D1262F42EF00C12C58 /* Project object */;
			proxyType = 1;
			remoteGlobalIDString = 0DD9C9D8262F42F000C12C58;
			remoteInfo = Sportify;
		};
/* End PBXContainerItemProxy section */

/* Begin PBXFileReference section */
		0D131DE2262F499100D6969C /* FavoriteLeaguesTableViewController.swift */ = {isa = PBXFileReference; lastKnownFileType = sourcecode.swift; path = FavoriteLeaguesTableViewController.swift; sourceTree = "<group>"; };
		0D131DE4262F4C8200D6969C /* LeaguesTableViewController.swift */ = {isa = PBXFileReference; lastKnownFileType = sourcecode.swift; path = LeaguesTableViewController.swift; sourceTree = "<group>"; };
		0D131DE8262F4CA500D6969C /* LeagueDetailsViewController.swift */ = {isa = PBXFileReference; lastKnownFileType = sourcecode.swift; path = LeagueDetailsViewController.swift; sourceTree = "<group>"; };
		0D2014A42638994C002096A7 /* LeagueDetailsContract.swift */ = {isa = PBXFileReference; lastKnownFileType = sourcecode.swift; path = LeagueDetailsContract.swift; sourceTree = "<group>"; };
		0D2014A72638CFED002096A7 /* FavoriteLeaguesPresenter.swift */ = {isa = PBXFileReference; lastKnownFileType = sourcecode.swift; path = FavoriteLeaguesPresenter.swift; sourceTree = "<group>"; };
		0D79BC52263ECFD800F3A54C /* TeamsLeagueDetailsTests.swift */ = {isa = PBXFileReference; lastKnownFileType = sourcecode.swift; path = TeamsLeagueDetailsTests.swift; sourceTree = "<group>"; };
		0D79BC54263ED5E700F3A54C /* MockTeamsLeagueDetailsAPI.swift */ = {isa = PBXFileReference; lastKnownFileType = sourcecode.swift; path = MockTeamsLeagueDetailsAPI.swift; sourceTree = "<group>"; };
		0D79BC56263EE0AD00F3A54C /* UpcomingEventsLeagueDetailsTests.swift */ = {isa = PBXFileReference; lastKnownFileType = sourcecode.swift; path = UpcomingEventsLeagueDetailsTests.swift; sourceTree = "<group>"; };
		0D79BC58263EE7B200F3A54C /* MockUpcomingEventsLeagueDetailsAPI.swift */ = {isa = PBXFileReference; lastKnownFileType = sourcecode.swift; path = MockUpcomingEventsLeagueDetailsAPI.swift; sourceTree = "<group>"; };
		0D79BC5A263EED3B00F3A54C /* LastEventsLeagueDetailsTests.swift */ = {isa = PBXFileReference; lastKnownFileType = sourcecode.swift; path = LastEventsLeagueDetailsTests.swift; sourceTree = "<group>"; };
		0D79BC5C263EEEF900F3A54C /* MockLastEventsLeagueDetailsAPI.swift */ = {isa = PBXFileReference; lastKnownFileType = sourcecode.swift; path = MockLastEventsLeagueDetailsAPI.swift; sourceTree = "<group>"; };
		0D89B2352635237A00F6B06C /* Team.swift */ = {isa = PBXFileReference; lastKnownFileType = sourcecode.swift; path = Team.swift; sourceTree = "<group>"; };
		0D89B2382635246700F6B06C /* TeamsPresenter.swift */ = {isa = PBXFileReference; lastKnownFileType = sourcecode.swift; path = TeamsPresenter.swift; sourceTree = "<group>"; };
		0D89B23B2635262800F6B06C /* TeamsContract.swift */ = {isa = PBXFileReference; lastKnownFileType = sourcecode.swift; path = TeamsContract.swift; sourceTree = "<group>"; };
		0D89B23E263543BD00F6B06C /* LastEventPresenter.swift */ = {isa = PBXFileReference; lastKnownFileType = sourcecode.swift; path = LastEventPresenter.swift; sourceTree = "<group>"; };
		0D89B241263545B700F6B06C /* LastEvents.swift */ = {isa = PBXFileReference; lastKnownFileType = sourcecode.swift; path = LastEvents.swift; sourceTree = "<group>"; };
		0D89B24426355D7C00F6B06C /* LasteventsContract.swift */ = {isa = PBXFileReference; lastKnownFileType = sourcecode.swift; path = LasteventsContract.swift; sourceTree = "<group>"; };
		0D89B247263574C500F6B06C /* UpcomingEvents.swift */ = {isa = PBXFileReference; lastKnownFileType = sourcecode.swift; path = UpcomingEvents.swift; sourceTree = "<group>"; };
		0D89B24C263577D900F6B06C /* UpcomingEventsContract.swift */ = {isa = PBXFileReference; lastKnownFileType = sourcecode.swift; path = UpcomingEventsContract.swift; sourceTree = "<group>"; };
		0D89B24F2635790100F6B06C /* UpcomingEventPresenter.swift */ = {isa = PBXFileReference; lastKnownFileType = sourcecode.swift; path = UpcomingEventPresenter.swift; sourceTree = "<group>"; };
		0DC232A126325DAB007B6CA2 /* HeaderTitleTableViewCell.swift */ = {isa = PBXFileReference; lastKnownFileType = sourcecode.swift; path = HeaderTitleTableViewCell.swift; sourceTree = "<group>"; };
		0DC232A226325DAB007B6CA2 /* HeaderTitleTableViewCell.xib */ = {isa = PBXFileReference; lastKnownFileType = file.xib; path = HeaderTitleTableViewCell.xib; sourceTree = "<group>"; };
		0DC232A626325DAB007B6CA2 /* UpcomingCollectionViewCelll.swift */ = {isa = PBXFileReference; lastKnownFileType = sourcecode.swift; path = UpcomingCollectionViewCelll.swift; sourceTree = "<group>"; };
		0DC232A726325DAB007B6CA2 /* UpcomingCollectionViewCelll.xib */ = {isa = PBXFileReference; lastKnownFileType = file.xib; path = UpcomingCollectionViewCelll.xib; sourceTree = "<group>"; };
		0DC232AC2632635D007B6CA2 /* UpcomingTableViewCell.swift */ = {isa = PBXFileReference; lastKnownFileType = sourcecode.swift; path = UpcomingTableViewCell.swift; sourceTree = "<group>"; };
		0DC232B126328F5B007B6CA2 /* LastCollectionViewCell.swift */ = {isa = PBXFileReference; lastKnownFileType = sourcecode.swift; path = LastCollectionViewCell.swift; sourceTree = "<group>"; };
		0DC232B226328F5B007B6CA2 /* LastCollectionViewCell.xib */ = {isa = PBXFileReference; lastKnownFileType = file.xib; path = LastCollectionViewCell.xib; sourceTree = "<group>"; };
		0DC232B526329A7F007B6CA2 /* LastTableViewCell.swift */ = {isa = PBXFileReference; lastKnownFileType = sourcecode.swift; path = LastTableViewCell.swift; sourceTree = "<group>"; };
		0DC232BA26329E31007B6CA2 /* TeamsTableViewCell.swift */ = {isa = PBXFileReference; lastKnownFileType = sourcecode.swift; path = TeamsTableViewCell.swift; sourceTree = "<group>"; };
		0DC232BD26329E5C007B6CA2 /* TeamsCollectionViewCell.swift */ = {isa = PBXFileReference; lastKnownFileType = sourcecode.swift; path = TeamsCollectionViewCell.swift; sourceTree = "<group>"; };
		0DC232BE26329E5C007B6CA2 /* TeamsCollectionViewCell.xib */ = {isa = PBXFileReference; lastKnownFileType = file.xib; path = TeamsCollectionViewCell.xib; sourceTree = "<group>"; };
		0DD9C9D9262F42F000C12C58 /* Sportify.app */ = {isa = PBXFileReference; explicitFileType = wrapper.application; includeInIndex = 0; path = Sportify.app; sourceTree = BUILT_PRODUCTS_DIR; };
		0DD9C9DC262F42F000C12C58 /* AppDelegate.swift */ = {isa = PBXFileReference; lastKnownFileType = sourcecode.swift; path = AppDelegate.swift; sourceTree = "<group>"; };
		0DD9C9DE262F42F000C12C58 /* SceneDelegate.swift */ = {isa = PBXFileReference; lastKnownFileType = sourcecode.swift; path = SceneDelegate.swift; sourceTree = "<group>"; };
		0DD9C9E3262F42F000C12C58 /* Base */ = {isa = PBXFileReference; lastKnownFileType = file.storyboard; name = Base; path = Base.lproj/Main.storyboard; sourceTree = "<group>"; };
		0DD9C9E6262F42F000C12C58 /* Sportify.xcdatamodel */ = {isa = PBXFileReference; lastKnownFileType = wrapper.xcdatamodel; path = Sportify.xcdatamodel; sourceTree = "<group>"; };
		0DD9C9E8262F42F100C12C58 /* Assets.xcassets */ = {isa = PBXFileReference; lastKnownFileType = folder.assetcatalog; path = Assets.xcassets; sourceTree = "<group>"; };
		0DD9C9EB262F42F100C12C58 /* Base */ = {isa = PBXFileReference; lastKnownFileType = file.storyboard; name = Base; path = Base.lproj/LaunchScreen.storyboard; sourceTree = "<group>"; };
		0DD9C9ED262F42F100C12C58 /* Info.plist */ = {isa = PBXFileReference; lastKnownFileType = text.plist.xml; path = Info.plist; sourceTree = "<group>"; };
		0DD9C9F2262F42F100C12C58 /* SportifyTests.xctest */ = {isa = PBXFileReference; explicitFileType = wrapper.cfbundle; includeInIndex = 0; path = SportifyTests.xctest; sourceTree = BUILT_PRODUCTS_DIR; };
		0DD9C9F6262F42F100C12C58 /* SportifyTests.swift */ = {isa = PBXFileReference; lastKnownFileType = sourcecode.swift; path = SportifyTests.swift; sourceTree = "<group>"; };
		0DD9C9F8262F42F100C12C58 /* Info.plist */ = {isa = PBXFileReference; lastKnownFileType = text.plist.xml; path = Info.plist; sourceTree = "<group>"; };
		0DD9C9FD262F42F100C12C58 /* SportifyUITests.xctest */ = {isa = PBXFileReference; explicitFileType = wrapper.cfbundle; includeInIndex = 0; path = SportifyUITests.xctest; sourceTree = BUILT_PRODUCTS_DIR; };
		0DD9CA01262F42F100C12C58 /* SportifyUITests.swift */ = {isa = PBXFileReference; lastKnownFileType = sourcecode.swift; path = SportifyUITests.swift; sourceTree = "<group>"; };
		0DD9CA03262F42F100C12C58 /* Info.plist */ = {isa = PBXFileReference; lastKnownFileType = text.plist.xml; path = Info.plist; sourceTree = "<group>"; };
		0DDC6B482630D74E00A4B002 /* Constants.swift */ = {isa = PBXFileReference; lastKnownFileType = sourcecode.swift; path = Constants.swift; sourceTree = "<group>"; };
		0DDC6B4D2630D74E00A4B002 /* BaseContract.swift */ = {isa = PBXFileReference; lastKnownFileType = sourcecode.swift; path = BaseContract.swift; sourceTree = "<group>"; };
		0DDC6B502630D74E00A4B002 /* NetworkManager.swift */ = {isa = PBXFileReference; lastKnownFileType = sourcecode.swift; path = NetworkManager.swift; sourceTree = "<group>"; };
		0DDC6B532630D74E00A4B002 /* LocalManager.swift */ = {isa = PBXFileReference; lastKnownFileType = sourcecode.swift; path = LocalManager.swift; sourceTree = "<group>"; };
		0DDDF70B2640098800F0FB7E /* LeagueDetailsUITests.swift */ = {isa = PBXFileReference; lastKnownFileType = sourcecode.swift; path = LeagueDetailsUITests.swift; sourceTree = "<group>"; };
		0DF75480263937D30020F796 /* FavoriteLeaguesContracts.swift */ = {isa = PBXFileReference; lastKnownFileType = sourcecode.swift; path = FavoriteLeaguesContracts.swift; sourceTree = "<group>"; };
		0DFD34A426379BBD00A7F8CE /* LeagueDetailsPresenter.swift */ = {isa = PBXFileReference; lastKnownFileType = sourcecode.swift; path = LeagueDetailsPresenter.swift; sourceTree = "<group>"; };
		0E9845C57F1E579E3CAD280D /* Pods-Sportify.release.xcconfig */ = {isa = PBXFileReference; includeInIndex = 1; lastKnownFileType = text.xcconfig; name = "Pods-Sportify.release.xcconfig"; path = "Target Support Files/Pods-Sportify/Pods-Sportify.release.xcconfig"; sourceTree = "<group>"; };
		32D2DFE92BB7FFA07200C544 /* Pods_Sportify.framework */ = {isa = PBXFileReference; explicitFileType = wrapper.framework; includeInIndex = 0; path = Pods_Sportify.framework; sourceTree = BUILT_PRODUCTS_DIR; };
		49AD411C010DADB83B1B11C6 /* Pods-SportifyTests.debug.xcconfig */ = {isa = PBXFileReference; includeInIndex = 1; lastKnownFileType = text.xcconfig; name = "Pods-SportifyTests.debug.xcconfig"; path = "Target Support Files/Pods-SportifyTests/Pods-SportifyTests.debug.xcconfig"; sourceTree = "<group>"; };
		62B6E992EB2528457798BB04 /* Pods-Sportify.debug.xcconfig */ = {isa = PBXFileReference; includeInIndex = 1; lastKnownFileType = text.xcconfig; name = "Pods-Sportify.debug.xcconfig"; path = "Target Support Files/Pods-Sportify/Pods-Sportify.debug.xcconfig"; sourceTree = "<group>"; };
		6C326E23ED7E471601DF59A2 /* Pods-SportifyTests.release.xcconfig */ = {isa = PBXFileReference; includeInIndex = 1; lastKnownFileType = text.xcconfig; name = "Pods-SportifyTests.release.xcconfig"; path = "Target Support Files/Pods-SportifyTests/Pods-SportifyTests.release.xcconfig"; sourceTree = "<group>"; };
		864DAA64F6090FEBE33FE970 /* Pods_SportifyTests.framework */ = {isa = PBXFileReference; explicitFileType = wrapper.framework; includeInIndex = 0; path = Pods_SportifyTests.framework; sourceTree = BUILT_PRODUCTS_DIR; };
		C20CF77026316BAE0007059C /* AllSportsViewController.swift */ = {isa = PBXFileReference; lastKnownFileType = sourcecode.swift; path = AllSportsViewController.swift; sourceTree = "<group>"; };
		C20CF77226316C1E0007059C /* AllSportsCollectionViewCell.swift */ = {isa = PBXFileReference; lastKnownFileType = sourcecode.swift; path = AllSportsCollectionViewCell.swift; sourceTree = "<group>"; };
		C20CF77326316C1E0007059C /* AllSportsCollectionViewCell.xib */ = {isa = PBXFileReference; lastKnownFileType = file.xib; path = AllSportsCollectionViewCell.xib; sourceTree = "<group>"; };
		C20CF77626317F010007059C /* AllSportsModel.swift */ = {isa = PBXFileReference; lastKnownFileType = sourcecode.swift; name = AllSportsModel.swift; path = Sportify/Views/AllSports/AllSportsModel.swift; sourceTree = SOURCE_ROOT; };
		C20CF77826317FD70007059C /* AllSportPresenter.swift */ = {isa = PBXFileReference; lastKnownFileType = sourcecode.swift; name = AllSportPresenter.swift; path = "Sportify/Presenter/All Sports Presneter/AllSportPresenter.swift"; sourceTree = SOURCE_ROOT; };
		C20CF77B26317FFE0007059C /* All Sports Contract.swift */ = {isa = PBXFileReference; lastKnownFileType = sourcecode.swift; path = "All Sports Contract.swift"; sourceTree = "<group>"; };
		C20CF77E263188300007059C /* Utils.swift */ = {isa = PBXFileReference; lastKnownFileType = sourcecode.swift; path = Utils.swift; sourceTree = "<group>"; };
		C210B888263E6E3200E2D7A4 /* AllSportsTests.swift */ = {isa = PBXFileReference; lastKnownFileType = sourcecode.swift; path = AllSportsTests.swift; sourceTree = "<group>"; };
		C210B88B263E720300E2D7A4 /* MockAllSportsAPI.swift */ = {isa = PBXFileReference; lastKnownFileType = sourcecode.swift; path = MockAllSportsAPI.swift; sourceTree = "<group>"; };
		C213EF7D2637FF8D00C0E6A2 /* TargetType.swift */ = {isa = PBXFileReference; lastKnownFileType = sourcecode.swift; path = TargetType.swift; sourceTree = "<group>"; };
		C213EF7F263801CE00C0E6A2 /* BaseAPI.swift */ = {isa = PBXFileReference; lastKnownFileType = sourcecode.swift; path = BaseAPI.swift; sourceTree = "<group>"; };
		C213EF8126380A0C00C0E6A2 /* ApplicationNetworking.swift */ = {isa = PBXFileReference; lastKnownFileType = sourcecode.swift; path = ApplicationNetworking.swift; sourceTree = "<group>"; };
		C213EF8326380E5400C0E6A2 /* SportsAPI.swift */ = {isa = PBXFileReference; lastKnownFileType = sourcecode.swift; path = SportsAPI.swift; sourceTree = "<group>"; };
		C22CEE672634100400E1FAC6 /* LeaguesContracts.swift */ = {isa = PBXFileReference; lastKnownFileType = sourcecode.swift; path = LeaguesContracts.swift; sourceTree = "<group>"; };
		C22CEE692634103E00E1FAC6 /* LeaguesModel.swift */ = {isa = PBXFileReference; lastKnownFileType = sourcecode.swift; name = LeaguesModel.swift; path = "Sportify/MVP Contracts/Leagues Contract/LeaguesModel.swift"; sourceTree = SOURCE_ROOT; };
		C22CEE6E2634127E00E1FAC6 /* LeaguesPresenter.swift */ = {isa = PBXFileReference; lastKnownFileType = sourcecode.swift; path = LeaguesPresenter.swift; sourceTree = "<group>"; };
		C22CEE712634235400E1FAC6 /* WebViewViewController.swift */ = {isa = PBXFileReference; lastKnownFileType = sourcecode.swift; path = WebViewViewController.swift; sourceTree = "<group>"; };
		C22CEE73263425DF00E1FAC6 /* WebKit.framework */ = {isa = PBXFileReference; lastKnownFileType = wrapper.framework; name = WebKit.framework; path = System/Library/Frameworks/WebKit.framework; sourceTree = SDKROOT; };
		C23BA8B92643CCED007A813B /* sports-loader.json */ = {isa = PBXFileReference; fileEncoding = 4; lastKnownFileType = text.json; path = "sports-loader.json"; sourceTree = "<group>"; };
		C243676E2632C85F00E1DB8D /* LeaguesTableViewCell.swift */ = {isa = PBXFileReference; lastKnownFileType = sourcecode.swift; path = LeaguesTableViewCell.swift; sourceTree = "<group>"; };
		C243676F2632C85F00E1DB8D /* LeaguesTableViewCell.xib */ = {isa = PBXFileReference; lastKnownFileType = file.xib; path = LeaguesTableViewCell.xib; sourceTree = "<group>"; };
		C2A8AA6726361B2B006AAA57 /* TeamDetailsTableViewController.swift */ = {isa = PBXFileReference; lastKnownFileType = sourcecode.swift; path = TeamDetailsTableViewController.swift; sourceTree = "<group>"; };
		C2A8AA6926363828006AAA57 /* TeamDetalsModel.swift */ = {isa = PBXFileReference; lastKnownFileType = sourcecode.swift; name = TeamDetalsModel.swift; path = Sportify/Views/TeamDetails/TeamDetalsModel.swift; sourceTree = SOURCE_ROOT; };
		C2A8AA6B2636390D006AAA57 /* Team Details Contracts.swift */ = {isa = PBXFileReference; lastKnownFileType = sourcecode.swift; path = "Team Details Contracts.swift"; sourceTree = "<group>"; };
		C2A8AA7026363A7A006AAA57 /* TeamDetailsPresenter.swift */ = {isa = PBXFileReference; lastKnownFileType = sourcecode.swift; path = TeamDetailsPresenter.swift; sourceTree = "<group>"; };
		C2F768D8263E83840053D920 /* AllsportsUITests.swift */ = {isa = PBXFileReference; lastKnownFileType = sourcecode.swift; path = AllsportsUITests.swift; sourceTree = "<group>"; };
		C2F768E0263EC5F20053D920 /* MockAllLeaguesAPI.swift */ = {isa = PBXFileReference; lastKnownFileType = sourcecode.swift; path = MockAllLeaguesAPI.swift; sourceTree = "<group>"; };
		C2F768E2263EC6170053D920 /* AllLeaguesTests.swift */ = {isa = PBXFileReference; lastKnownFileType = sourcecode.swift; path = AllLeaguesTests.swift; sourceTree = "<group>"; };
		C2F768E4263EC7900053D920 /* AllLeaguesUITests.swift */ = {isa = PBXFileReference; lastKnownFileType = sourcecode.swift; path = AllLeaguesUITests.swift; sourceTree = "<group>"; };
		CEB99E0546993C6FD452CAEE /* Pods_Sportify_SportifyUITests.framework */ = {isa = PBXFileReference; explicitFileType = wrapper.framework; includeInIndex = 0; path = Pods_Sportify_SportifyUITests.framework; sourceTree = BUILT_PRODUCTS_DIR; };
		DF9D6D3F29ED8AAC498B2D35 /* Pods-Sportify-SportifyUITests.debug.xcconfig */ = {isa = PBXFileReference; includeInIndex = 1; lastKnownFileType = text.xcconfig; name = "Pods-Sportify-SportifyUITests.debug.xcconfig"; path = "Target Support Files/Pods-Sportify-SportifyUITests/Pods-Sportify-SportifyUITests.debug.xcconfig"; sourceTree = "<group>"; };
		F9D3D6A303DFA42F45936813 /* Pods-Sportify-SportifyUITests.release.xcconfig */ = {isa = PBXFileReference; includeInIndex = 1; lastKnownFileType = text.xcconfig; name = "Pods-Sportify-SportifyUITests.release.xcconfig"; path = "Target Support Files/Pods-Sportify-SportifyUITests/Pods-Sportify-SportifyUITests.release.xcconfig"; sourceTree = "<group>"; };
/* End PBXFileReference section */

/* Begin PBXFrameworksBuildPhase section */
		0DD9C9D6262F42F000C12C58 /* Frameworks */ = {
			isa = PBXFrameworksBuildPhase;
			buildActionMask = 2147483647;
			files = (
				C22CEE74263425DF00E1FAC6 /* WebKit.framework in Frameworks */,
				CBF850D571615197D58F46F4 /* Pods_Sportify.framework in Frameworks */,
			);
			runOnlyForDeploymentPostprocessing = 0;
		};
		0DD9C9EF262F42F100C12C58 /* Frameworks */ = {
			isa = PBXFrameworksBuildPhase;
			buildActionMask = 2147483647;
			files = (
				FEF9E55B64316444D4BA48F1 /* Pods_SportifyTests.framework in Frameworks */,
			);
			runOnlyForDeploymentPostprocessing = 0;
		};
		0DD9C9FA262F42F100C12C58 /* Frameworks */ = {
			isa = PBXFrameworksBuildPhase;
			buildActionMask = 2147483647;
			files = (
				2F1D116BD130C141E2E0F2C7 /* Pods_Sportify_SportifyUITests.framework in Frameworks */,
			);
			runOnlyForDeploymentPostprocessing = 0;
		};
/* End PBXFrameworksBuildPhase section */

/* Begin PBXGroup section */
		0D2014A62638CFD1002096A7 /* FavoriteLeaguesPresenter */ = {
			isa = PBXGroup;
			children = (
				0D2014A72638CFED002096A7 /* FavoriteLeaguesPresenter.swift */,
			);
			path = FavoriteLeaguesPresenter;
			sourceTree = "<group>";
		};
		0D79BC51263ECF4800F3A54C /* Mocks */ = {
			isa = PBXGroup;
			children = (
				0D79BC54263ED5E700F3A54C /* MockTeamsLeagueDetailsAPI.swift */,
				0D79BC58263EE7B200F3A54C /* MockUpcomingEventsLeagueDetailsAPI.swift */,
				0D79BC5C263EEEF900F3A54C /* MockLastEventsLeagueDetailsAPI.swift */,
			);
			path = Mocks;
			sourceTree = "<group>";
		};
		0D89B23026350BB600F6B06C /* LeagueDetailsController */ = {
			isa = PBXGroup;
			children = (
				0D131DE8262F4CA500D6969C /* LeagueDetailsViewController.swift */,
			);
			path = LeagueDetailsController;
			sourceTree = "<group>";
		};
		0D89B23126350BED00F6B06C /* Cells */ = {
			isa = PBXGroup;
			children = (
				0DC232B826329DED007B6CA2 /* Teams */,
				0DC232AE26328E8B007B6CA2 /* Last Events */,
				0DC232AA263262F7007B6CA2 /* Upcoming Events */,
				0DC232A026325D85007B6CA2 /* HeaderTitleTableViewCell */,
			);
			path = Cells;
			sourceTree = "<group>";
		};
		0D89B23226350C2200F6B06C /* Team */ = {
			isa = PBXGroup;
			children = (
				0D89B2352635237A00F6B06C /* Team.swift */,
			);
			path = Team;
			sourceTree = "<group>";
		};
		0D89B2372635244E00F6B06C /* TeamsPresenter */ = {
			isa = PBXGroup;
			children = (
				0D89B2382635246700F6B06C /* TeamsPresenter.swift */,
			);
			path = TeamsPresenter;
			sourceTree = "<group>";
		};
		0D89B23A263525F100F6B06C /* TeamsContract */ = {
			isa = PBXGroup;
			children = (
				0D89B23B2635262800F6B06C /* TeamsContract.swift */,
			);
			path = TeamsContract;
			sourceTree = "<group>";
		};
		0D89B23D263543AF00F6B06C /* LastEventPresenter */ = {
			isa = PBXGroup;
			children = (
				0D89B23E263543BD00F6B06C /* LastEventPresenter.swift */,
			);
			path = LastEventPresenter;
			sourceTree = "<group>";
		};
		0D89B240263545A900F6B06C /* LastEvents */ = {
			isa = PBXGroup;
			children = (
				0D89B241263545B700F6B06C /* LastEvents.swift */,
			);
			path = LastEvents;
			sourceTree = "<group>";
		};
		0D89B24326355D6D00F6B06C /* LasteventsContract */ = {
			isa = PBXGroup;
			children = (
				0D89B24426355D7C00F6B06C /* LasteventsContract.swift */,
			);
			path = LasteventsContract;
			sourceTree = "<group>";
		};
		0D89B246263574B100F6B06C /* UpcomingEvents */ = {
			isa = PBXGroup;
			children = (
				0D89B247263574C500F6B06C /* UpcomingEvents.swift */,
			);
			path = UpcomingEvents;
			sourceTree = "<group>";
		};
		0D89B2492635769100F6B06C /* UpcomingEventsContract */ = {
			isa = PBXGroup;
			children = (
				0D89B24C263577D900F6B06C /* UpcomingEventsContract.swift */,
			);
			path = UpcomingEventsContract;
			sourceTree = "<group>";
		};
		0D89B24E263578F000F6B06C /* UpcomingEventPresenter */ = {
			isa = PBXGroup;
			children = (
				0D89B24F2635790100F6B06C /* UpcomingEventPresenter.swift */,
			);
			path = UpcomingEventPresenter;
			sourceTree = "<group>";
		};
		0DA9C1292635C86C008167F1 /* LeagueDetailsPresenters */ = {
			isa = PBXGroup;
			children = (
				0D89B24E263578F000F6B06C /* UpcomingEventPresenter */,
				0D89B23D263543AF00F6B06C /* LastEventPresenter */,
				0D89B2372635244E00F6B06C /* TeamsPresenter */,
				0DFD34A426379BBD00A7F8CE /* LeagueDetailsPresenter.swift */,
			);
			path = LeagueDetailsPresenters;
			sourceTree = "<group>";
		};
		0DA9C12A2635C899008167F1 /* LeagueDetailsContracts */ = {
			isa = PBXGroup;
			children = (
				0D89B2492635769100F6B06C /* UpcomingEventsContract */,
				0D89B24326355D6D00F6B06C /* LasteventsContract */,
				0D89B23A263525F100F6B06C /* TeamsContract */,
				0D2014A42638994C002096A7 /* LeagueDetailsContract.swift */,
			);
			path = LeagueDetailsContracts;
			sourceTree = "<group>";
		};
		0DC232A026325D85007B6CA2 /* HeaderTitleTableViewCell */ = {
			isa = PBXGroup;
			children = (
				0DC232A126325DAB007B6CA2 /* HeaderTitleTableViewCell.swift */,
				0DC232A226325DAB007B6CA2 /* HeaderTitleTableViewCell.xib */,
			);
			path = HeaderTitleTableViewCell;
			sourceTree = "<group>";
		};
		0DC232A526325DAB007B6CA2 /* UpcomingCollectionViewCell */ = {
			isa = PBXGroup;
			children = (
				0DC232A626325DAB007B6CA2 /* UpcomingCollectionViewCelll.swift */,
				0DC232A726325DAB007B6CA2 /* UpcomingCollectionViewCelll.xib */,
			);
			path = UpcomingCollectionViewCell;
			sourceTree = "<group>";
		};
		0DC232AA263262F7007B6CA2 /* Upcoming Events */ = {
			isa = PBXGroup;
			children = (
				0DC232AB26326313007B6CA2 /* UpcomingTableViewCell */,
				0DC232A526325DAB007B6CA2 /* UpcomingCollectionViewCell */,
			);
			path = "Upcoming Events";
			sourceTree = "<group>";
		};
		0DC232AB26326313007B6CA2 /* UpcomingTableViewCell */ = {
			isa = PBXGroup;
			children = (
				0DC232AC2632635D007B6CA2 /* UpcomingTableViewCell.swift */,
			);
			path = UpcomingTableViewCell;
			sourceTree = "<group>";
		};
		0DC232AE26328E8B007B6CA2 /* Last Events */ = {
			isa = PBXGroup;
			children = (
				0DC232AF26328ED4007B6CA2 /* LastTableViewCell */,
				0DC232B026328EE3007B6CA2 /* LastCollectionViewCell */,
			);
			path = "Last Events";
			sourceTree = "<group>";
		};
		0DC232AF26328ED4007B6CA2 /* LastTableViewCell */ = {
			isa = PBXGroup;
			children = (
				0DC232B526329A7F007B6CA2 /* LastTableViewCell.swift */,
			);
			path = LastTableViewCell;
			sourceTree = "<group>";
		};
		0DC232B026328EE3007B6CA2 /* LastCollectionViewCell */ = {
			isa = PBXGroup;
			children = (
				0DC232B126328F5B007B6CA2 /* LastCollectionViewCell.swift */,
				0DC232B226328F5B007B6CA2 /* LastCollectionViewCell.xib */,
			);
			path = LastCollectionViewCell;
			sourceTree = "<group>";
		};
		0DC232B826329DED007B6CA2 /* Teams */ = {
			isa = PBXGroup;
			children = (
				0DC232B926329DFA007B6CA2 /* TeamsTableViewCell */,
				0DC232BC26329E36007B6CA2 /* TeamsCollectionViewCell */,
			);
			path = Teams;
			sourceTree = "<group>";
		};
		0DC232B926329DFA007B6CA2 /* TeamsTableViewCell */ = {
			isa = PBXGroup;
			children = (
				0DC232BA26329E31007B6CA2 /* TeamsTableViewCell.swift */,
			);
			path = TeamsTableViewCell;
			sourceTree = "<group>";
		};
		0DC232BC26329E36007B6CA2 /* TeamsCollectionViewCell */ = {
			isa = PBXGroup;
			children = (
				0DC232BD26329E5C007B6CA2 /* TeamsCollectionViewCell.swift */,
				0DC232BE26329E5C007B6CA2 /* TeamsCollectionViewCell.xib */,
			);
			path = TeamsCollectionViewCell;
			sourceTree = "<group>";
		};
		0DD9C9D0262F42EF00C12C58 = {
			isa = PBXGroup;
			children = (
				0DD9C9DB262F42F000C12C58 /* Sportify */,
				0DD9C9F5262F42F100C12C58 /* SportifyTests */,
				0DD9CA00262F42F100C12C58 /* SportifyUITests */,
				0DD9C9DA262F42F000C12C58 /* Products */,
				611730FBEECF0EBE6B0EAE7D /* Pods */,
				9A41A79C4C71D85100A50879 /* Frameworks */,
			);
			sourceTree = "<group>";
		};
		0DD9C9DA262F42F000C12C58 /* Products */ = {
			isa = PBXGroup;
			children = (
				0DD9C9D9262F42F000C12C58 /* Sportify.app */,
				0DD9C9F2262F42F100C12C58 /* SportifyTests.xctest */,
				0DD9C9FD262F42F100C12C58 /* SportifyUITests.xctest */,
			);
			name = Products;
			sourceTree = "<group>";
		};
		0DD9C9DB262F42F000C12C58 /* Sportify */ = {
			isa = PBXGroup;
			children = (
				C20CF77D2631881A0007059C /* Utils */,
				0DDC6B452630D70A00A4B002 /* POJOs */,
				0DDC6B422630D6B000A4B002 /* Models */,
				0DDC6B432630D6C400A4B002 /* Views */,
				0DDC6B442630D6D600A4B002 /* Presenter */,
				0DDC6B462630D74E00A4B002 /* MVP Contracts */,
				0DDC6B472630D74E00A4B002 /* Constants */,
				0DD9C9DC262F42F000C12C58 /* AppDelegate.swift */,
				0DD9C9DE262F42F000C12C58 /* SceneDelegate.swift */,
				0DD9C9E8262F42F100C12C58 /* Assets.xcassets */,
				0DD9C9EA262F42F100C12C58 /* LaunchScreen.storyboard */,
				0DD9C9ED262F42F100C12C58 /* Info.plist */,
				0DD9C9E5262F42F000C12C58 /* Sportify.xcdatamodeld */,
			);
			path = Sportify;
			sourceTree = "<group>";
		};
		0DD9C9F5262F42F100C12C58 /* SportifyTests */ = {
			isa = PBXGroup;
			children = (
				C210B88A263E716300E2D7A4 /* Mocks2 */,
				C210B888263E6E3200E2D7A4 /* AllSportsTests.swift */,
				C2F768E2263EC6170053D920 /* AllLeaguesTests.swift */,
				0D79BC51263ECF4800F3A54C /* Mocks */,
				0DD9C9F6262F42F100C12C58 /* SportifyTests.swift */,
				0DD9C9F8262F42F100C12C58 /* Info.plist */,
				0D79BC52263ECFD800F3A54C /* TeamsLeagueDetailsTests.swift */,
				0D79BC56263EE0AD00F3A54C /* UpcomingEventsLeagueDetailsTests.swift */,
				0D79BC5A263EED3B00F3A54C /* LastEventsLeagueDetailsTests.swift */,
			);
			path = SportifyTests;
			sourceTree = "<group>";
		};
		0DD9CA00262F42F100C12C58 /* SportifyUITests */ = {
			isa = PBXGroup;
			children = (
				0DD9CA01262F42F100C12C58 /* SportifyUITests.swift */,
				0DD9CA03262F42F100C12C58 /* Info.plist */,
				C2F768D8263E83840053D920 /* AllsportsUITests.swift */,
				C2F768E4263EC7900053D920 /* AllLeaguesUITests.swift */,
				0DDDF70B2640098800F0FB7E /* LeagueDetailsUITests.swift */,
			);
			path = SportifyUITests;
			sourceTree = "<group>";
		};
		0DDC6B422630D6B000A4B002 /* Models */ = {
			isa = PBXGroup;
			children = (
				C213EF7C2637FF7200C0E6A2 /* Network Layer */,
				0DDC6B4F2630D74E00A4B002 /* Network Manager */,
				0DDC6B522630D74E00A4B002 /* Local Manager */,
			);
			path = Models;
			sourceTree = "<group>";
		};
		0DDC6B432630D6C400A4B002 /* Views */ = {
			isa = PBXGroup;
			children = (
				0DD9C9E2262F42F000C12C58 /* Main.storyboard */,
				0DDC6B552630D74E00A4B002 /* AllSports */,
				0DDC6B572630D74E00A4B002 /* Leagues */,
				0DDC6B582630D74E00A4B002 /* LeagueDetails */,
				0DDC6B592630D74E00A4B002 /* TeamDetails */,
				0DDC6B562630D74E00A4B002 /* FavoriteLeagues */,
				C22CEE702634232500E1FAC6 /* WebView */,
			);
			path = Views;
			sourceTree = "<group>";
		};
		0DDC6B442630D6D600A4B002 /* Presenter */ = {
			isa = PBXGroup;
			children = (
				0D2014A62638CFD1002096A7 /* FavoriteLeaguesPresenter */,
				C22CEE6B2634122700E1FAC6 /* All Sports Presneter */,
				C22CEE6D2634126A00E1FAC6 /* Leagues Presenter */,
				C2A8AA6F26363A61006AAA57 /* Team Details Presenter */,
				0DA9C1292635C86C008167F1 /* LeagueDetailsPresenters */,
			);
			path = Presenter;
			sourceTree = "<group>";
		};
		0DDC6B452630D70A00A4B002 /* POJOs */ = {
			isa = PBXGroup;
			children = (
				C22CEE692634103E00E1FAC6 /* LeaguesModel.swift */,
				C2A8AA6926363828006AAA57 /* TeamDetalsModel.swift */,
				C20CF77626317F010007059C /* AllSportsModel.swift */,
				0D89B246263574B100F6B06C /* UpcomingEvents */,
				0D89B240263545A900F6B06C /* LastEvents */,
				0D89B23226350C2200F6B06C /* Team */,
			);
			path = POJOs;
			sourceTree = "<group>";
		};
		0DDC6B462630D74E00A4B002 /* MVP Contracts */ = {
			isa = PBXGroup;
			children = (
				0DF7547F263937A20020F796 /* FavoriteLeaguesContracts */,
				0DA9C12A2635C899008167F1 /* LeagueDetailsContracts */,
				0DDC6B4A2630D74E00A4B002 /* Base Contract */,
				C20CF77A26317FDC0007059C /* All Sports Contracts */,
				C22CEE6626340FE800E1FAC6 /* Leagues Contract */,
				C2A8AA6D26363913006AAA57 /* Team Details Contracts */,
			);
			path = "MVP Contracts";
			sourceTree = "<group>";
		};
		0DDC6B472630D74E00A4B002 /* Constants */ = {
			isa = PBXGroup;
			children = (
				0DDC6B482630D74E00A4B002 /* Constants.swift */,
			);
			path = Constants;
			sourceTree = "<group>";
		};
		0DDC6B4A2630D74E00A4B002 /* Base Contract */ = {
			isa = PBXGroup;
			children = (
				0DDC6B4D2630D74E00A4B002 /* BaseContract.swift */,
			);
			path = "Base Contract";
			sourceTree = "<group>";
		};
		0DDC6B4F2630D74E00A4B002 /* Network Manager */ = {
			isa = PBXGroup;
			children = (
				0DDC6B502630D74E00A4B002 /* NetworkManager.swift */,
			);
			path = "Network Manager";
			sourceTree = "<group>";
		};
		0DDC6B522630D74E00A4B002 /* Local Manager */ = {
			isa = PBXGroup;
			children = (
				0DDC6B532630D74E00A4B002 /* LocalManager.swift */,
			);
			path = "Local Manager";
			sourceTree = "<group>";
		};
		0DDC6B552630D74E00A4B002 /* AllSports */ = {
			isa = PBXGroup;
			children = (
				C20CF77026316BAE0007059C /* AllSportsViewController.swift */,
				C20CF77226316C1E0007059C /* AllSportsCollectionViewCell.swift */,
				C20CF77326316C1E0007059C /* AllSportsCollectionViewCell.xib */,
			);
			path = AllSports;
			sourceTree = "<group>";
		};
		0DDC6B562630D74E00A4B002 /* FavoriteLeagues */ = {
			isa = PBXGroup;
			children = (
				0D131DE2262F499100D6969C /* FavoriteLeaguesTableViewController.swift */,
			);
			path = FavoriteLeagues;
			sourceTree = "<group>";
		};
		0DDC6B572630D74E00A4B002 /* Leagues */ = {
			isa = PBXGroup;
			children = (
				0D131DE4262F4C8200D6969C /* LeaguesTableViewController.swift */,
				C243676E2632C85F00E1DB8D /* LeaguesTableViewCell.swift */,
				C243676F2632C85F00E1DB8D /* LeaguesTableViewCell.xib */,
			);
			path = Leagues;
			sourceTree = "<group>";
		};
		0DDC6B582630D74E00A4B002 /* LeagueDetails */ = {
			isa = PBXGroup;
			children = (
				0D89B23126350BED00F6B06C /* Cells */,
				0D89B23026350BB600F6B06C /* LeagueDetailsController */,
			);
			path = LeagueDetails;
			sourceTree = "<group>";
		};
		0DDC6B592630D74E00A4B002 /* TeamDetails */ = {
			isa = PBXGroup;
			children = (
				C2A8AA6726361B2B006AAA57 /* TeamDetailsTableViewController.swift */,
			);
			path = TeamDetails;
			sourceTree = "<group>";
		};
		0DF7547F263937A20020F796 /* FavoriteLeaguesContracts */ = {
			isa = PBXGroup;
			children = (
				0DF75480263937D30020F796 /* FavoriteLeaguesContracts.swift */,
			);
			path = FavoriteLeaguesContracts;
			sourceTree = "<group>";
		};
		611730FBEECF0EBE6B0EAE7D /* Pods */ = {
			isa = PBXGroup;
			children = (
				62B6E992EB2528457798BB04 /* Pods-Sportify.debug.xcconfig */,
				0E9845C57F1E579E3CAD280D /* Pods-Sportify.release.xcconfig */,
				DF9D6D3F29ED8AAC498B2D35 /* Pods-Sportify-SportifyUITests.debug.xcconfig */,
				F9D3D6A303DFA42F45936813 /* Pods-Sportify-SportifyUITests.release.xcconfig */,
				49AD411C010DADB83B1B11C6 /* Pods-SportifyTests.debug.xcconfig */,
				6C326E23ED7E471601DF59A2 /* Pods-SportifyTests.release.xcconfig */,
			);
			path = Pods;
			sourceTree = "<group>";
		};
		9A41A79C4C71D85100A50879 /* Frameworks */ = {
			isa = PBXGroup;
			children = (
				C22CEE73263425DF00E1FAC6 /* WebKit.framework */,
				32D2DFE92BB7FFA07200C544 /* Pods_Sportify.framework */,
				CEB99E0546993C6FD452CAEE /* Pods_Sportify_SportifyUITests.framework */,
				864DAA64F6090FEBE33FE970 /* Pods_SportifyTests.framework */,
			);
			name = Frameworks;
			sourceTree = "<group>";
		};
		C20CF77A26317FDC0007059C /* All Sports Contracts */ = {
			isa = PBXGroup;
			children = (
				C20CF77B26317FFE0007059C /* All Sports Contract.swift */,
			);
			path = "All Sports Contracts";
			sourceTree = "<group>";
		};
		C20CF77D2631881A0007059C /* Utils */ = {
			isa = PBXGroup;
			children = (
				C20CF77E263188300007059C /* Utils.swift */,
				C23BA8B92643CCED007A813B /* sports-loader.json */,
			);
			path = Utils;
			sourceTree = "<group>";
		};
		C210B88A263E716300E2D7A4 /* Mocks2 */ = {
			isa = PBXGroup;
			children = (
				C210B88B263E720300E2D7A4 /* MockAllSportsAPI.swift */,
				C2F768E0263EC5F20053D920 /* MockAllLeaguesAPI.swift */,
			);
			path = Mocks2;
			sourceTree = "<group>";
		};
		C213EF7C2637FF7200C0E6A2 /* Network Layer */ = {
			isa = PBXGroup;
			children = (
				C213EF7D2637FF8D00C0E6A2 /* TargetType.swift */,
				C213EF7F263801CE00C0E6A2 /* BaseAPI.swift */,
				C213EF8126380A0C00C0E6A2 /* ApplicationNetworking.swift */,
				C213EF8326380E5400C0E6A2 /* SportsAPI.swift */,
			);
			path = "Network Layer";
			sourceTree = "<group>";
		};
		C22CEE6626340FE800E1FAC6 /* Leagues Contract */ = {
			isa = PBXGroup;
			children = (
				C22CEE672634100400E1FAC6 /* LeaguesContracts.swift */,
			);
			path = "Leagues Contract";
			sourceTree = "<group>";
		};
		C22CEE6B2634122700E1FAC6 /* All Sports Presneter */ = {
			isa = PBXGroup;
			children = (
				C20CF77826317FD70007059C /* AllSportPresenter.swift */,
			);
			path = "All Sports Presneter";
			sourceTree = "<group>";
		};
		C22CEE6D2634126A00E1FAC6 /* Leagues Presenter */ = {
			isa = PBXGroup;
			children = (
				C22CEE6E2634127E00E1FAC6 /* LeaguesPresenter.swift */,
			);
			path = "Leagues Presenter";
			sourceTree = "<group>";
		};
		C22CEE702634232500E1FAC6 /* WebView */ = {
			isa = PBXGroup;
			children = (
				C22CEE712634235400E1FAC6 /* WebViewViewController.swift */,
			);
			path = WebView;
			sourceTree = "<group>";
		};
		C2A8AA6D26363913006AAA57 /* Team Details Contracts */ = {
			isa = PBXGroup;
			children = (
				C2A8AA6B2636390D006AAA57 /* Team Details Contracts.swift */,
			);
			path = "Team Details Contracts";
			sourceTree = "<group>";
		};
		C2A8AA6F26363A61006AAA57 /* Team Details Presenter */ = {
			isa = PBXGroup;
			children = (
				C2A8AA7026363A7A006AAA57 /* TeamDetailsPresenter.swift */,
			);
			path = "Team Details Presenter";
			sourceTree = "<group>";
		};
/* End PBXGroup section */

/* Begin PBXNativeTarget section */
		0DD9C9D8262F42F000C12C58 /* Sportify */ = {
			isa = PBXNativeTarget;
			buildConfigurationList = 0DD9CA06262F42F100C12C58 /* Build configuration list for PBXNativeTarget "Sportify" */;
			buildPhases = (
				CF0D478AB766C35481E679EE /* [CP] Check Pods Manifest.lock */,
				0DD9C9D5262F42F000C12C58 /* Sources */,
				0DD9C9D6262F42F000C12C58 /* Frameworks */,
				0DD9C9D7262F42F000C12C58 /* Resources */,
				F4A7F3AB01648587D27FC983 /* [CP] Embed Pods Frameworks */,
			);
			buildRules = (
			);
			dependencies = (
			);
			name = Sportify;
			productName = Sportify;
			productReference = 0DD9C9D9262F42F000C12C58 /* Sportify.app */;
			productType = "com.apple.product-type.application";
		};
		0DD9C9F1262F42F100C12C58 /* SportifyTests */ = {
			isa = PBXNativeTarget;
			buildConfigurationList = 0DD9CA09262F42F100C12C58 /* Build configuration list for PBXNativeTarget "SportifyTests" */;
			buildPhases = (
				C80F7FACEA4DC7D98B6F7DA6 /* [CP] Check Pods Manifest.lock */,
				0DD9C9EE262F42F100C12C58 /* Sources */,
				0DD9C9EF262F42F100C12C58 /* Frameworks */,
				0DD9C9F0262F42F100C12C58 /* Resources */,
			);
			buildRules = (
			);
			dependencies = (
				0DD9C9F4262F42F100C12C58 /* PBXTargetDependency */,
			);
			name = SportifyTests;
			productName = SportifyTests;
			productReference = 0DD9C9F2262F42F100C12C58 /* SportifyTests.xctest */;
			productType = "com.apple.product-type.bundle.unit-test";
		};
		0DD9C9FC262F42F100C12C58 /* SportifyUITests */ = {
			isa = PBXNativeTarget;
			buildConfigurationList = 0DD9CA0C262F42F100C12C58 /* Build configuration list for PBXNativeTarget "SportifyUITests" */;
			buildPhases = (
				9DBE36231FCAF7ECF648E0E2 /* [CP] Check Pods Manifest.lock */,
				0DD9C9F9262F42F100C12C58 /* Sources */,
				0DD9C9FA262F42F100C12C58 /* Frameworks */,
				0DD9C9FB262F42F100C12C58 /* Resources */,
				3359ED32643C572600601DE4 /* [CP] Embed Pods Frameworks */,
			);
			buildRules = (
			);
			dependencies = (
				0DD9C9FF262F42F100C12C58 /* PBXTargetDependency */,
			);
			name = SportifyUITests;
			productName = SportifyUITests;
			productReference = 0DD9C9FD262F42F100C12C58 /* SportifyUITests.xctest */;
			productType = "com.apple.product-type.bundle.ui-testing";
		};
/* End PBXNativeTarget section */

/* Begin PBXProject section */
		0DD9C9D1262F42EF00C12C58 /* Project object */ = {
			isa = PBXProject;
			attributes = {
				LastSwiftUpdateCheck = 1140;
				LastUpgradeCheck = 1140;
				ORGANIZATIONNAME = "ITI-41";
				TargetAttributes = {
					0DD9C9D8262F42F000C12C58 = {
						CreatedOnToolsVersion = 11.4;
					};
					0DD9C9F1262F42F100C12C58 = {
						CreatedOnToolsVersion = 11.4;
						TestTargetID = 0DD9C9D8262F42F000C12C58;
					};
					0DD9C9FC262F42F100C12C58 = {
						CreatedOnToolsVersion = 11.4;
						TestTargetID = 0DD9C9D8262F42F000C12C58;
					};
				};
			};
			buildConfigurationList = 0DD9C9D4262F42EF00C12C58 /* Build configuration list for PBXProject "Sportify" */;
			compatibilityVersion = "Xcode 9.3";
			developmentRegion = en;
			hasScannedForEncodings = 0;
			knownRegions = (
				en,
				Base,
			);
			mainGroup = 0DD9C9D0262F42EF00C12C58;
			productRefGroup = 0DD9C9DA262F42F000C12C58 /* Products */;
			projectDirPath = "";
			projectRoot = "";
			targets = (
				0DD9C9D8262F42F000C12C58 /* Sportify */,
				0DD9C9F1262F42F100C12C58 /* SportifyTests */,
				0DD9C9FC262F42F100C12C58 /* SportifyUITests */,
			);
		};
/* End PBXProject section */

/* Begin PBXResourcesBuildPhase section */
		0DD9C9D7262F42F000C12C58 /* Resources */ = {
			isa = PBXResourcesBuildPhase;
			buildActionMask = 2147483647;
			files = (
				C20CF77526316C1E0007059C /* AllSportsCollectionViewCell.xib in Resources */,
				0DD9C9EC262F42F100C12C58 /* LaunchScreen.storyboard in Resources */,
				C24367712632C85F00E1DB8D /* LeaguesTableViewCell.xib in Resources */,
				0DC232A426325DAB007B6CA2 /* HeaderTitleTableViewCell.xib in Resources */,
				0DD9C9EC262F42F100C12C58 /* LaunchScreen.storyboard in Resources */,
				0DC232A926325DAB007B6CA2 /* UpcomingCollectionViewCelll.xib in Resources */,
				0DC232C026329E5C007B6CA2 /* TeamsCollectionViewCell.xib in Resources */,
				0DD9C9E9262F42F100C12C58 /* Assets.xcassets in Resources */,
				C23BA8BA2643CCED007A813B /* sports-loader.json in Resources */,
				0DC232B426328F5B007B6CA2 /* LastCollectionViewCell.xib in Resources */,
				0DD9C9E4262F42F000C12C58 /* Main.storyboard in Resources */,
			);
			runOnlyForDeploymentPostprocessing = 0;
		};
		0DD9C9F0262F42F100C12C58 /* Resources */ = {
			isa = PBXResourcesBuildPhase;
			buildActionMask = 2147483647;
			files = (
			);
			runOnlyForDeploymentPostprocessing = 0;
		};
		0DD9C9FB262F42F100C12C58 /* Resources */ = {
			isa = PBXResourcesBuildPhase;
			buildActionMask = 2147483647;
			files = (
			);
			runOnlyForDeploymentPostprocessing = 0;
		};
/* End PBXResourcesBuildPhase section */

/* Begin PBXShellScriptBuildPhase section */
		3359ED32643C572600601DE4 /* [CP] Embed Pods Frameworks */ = {
			isa = PBXShellScriptBuildPhase;
			buildActionMask = 2147483647;
			files = (
			);
			inputFileListPaths = (
				"${PODS_ROOT}/Target Support Files/Pods-Sportify-SportifyUITests/Pods-Sportify-SportifyUITests-frameworks-${CONFIGURATION}-input-files.xcfilelist",
			);
			name = "[CP] Embed Pods Frameworks";
			outputFileListPaths = (
				"${PODS_ROOT}/Target Support Files/Pods-Sportify-SportifyUITests/Pods-Sportify-SportifyUITests-frameworks-${CONFIGURATION}-output-files.xcfilelist",
			);
			runOnlyForDeploymentPostprocessing = 0;
			shellPath = /bin/sh;
			shellScript = "\"${PODS_ROOT}/Target Support Files/Pods-Sportify-SportifyUITests/Pods-Sportify-SportifyUITests-frameworks.sh\"\n";
			showEnvVarsInLog = 0;
		};
		9DBE36231FCAF7ECF648E0E2 /* [CP] Check Pods Manifest.lock */ = {
			isa = PBXShellScriptBuildPhase;
			buildActionMask = 2147483647;
			files = (
			);
			inputFileListPaths = (
			);
			inputPaths = (
				"${PODS_PODFILE_DIR_PATH}/Podfile.lock",
				"${PODS_ROOT}/Manifest.lock",
			);
			name = "[CP] Check Pods Manifest.lock";
			outputFileListPaths = (
			);
			outputPaths = (
				"$(DERIVED_FILE_DIR)/Pods-Sportify-SportifyUITests-checkManifestLockResult.txt",
			);
			runOnlyForDeploymentPostprocessing = 0;
			shellPath = /bin/sh;
			shellScript = "diff \"${PODS_PODFILE_DIR_PATH}/Podfile.lock\" \"${PODS_ROOT}/Manifest.lock\" > /dev/null\nif [ $? != 0 ] ; then\n    # print error to STDERR\n    echo \"error: The sandbox is not in sync with the Podfile.lock. Run 'pod install' or update your CocoaPods installation.\" >&2\n    exit 1\nfi\n# This output is used by Xcode 'outputs' to avoid re-running this script phase.\necho \"SUCCESS\" > \"${SCRIPT_OUTPUT_FILE_0}\"\n";
			showEnvVarsInLog = 0;
		};
		C80F7FACEA4DC7D98B6F7DA6 /* [CP] Check Pods Manifest.lock */ = {
			isa = PBXShellScriptBuildPhase;
			buildActionMask = 2147483647;
			files = (
			);
			inputFileListPaths = (
			);
			inputPaths = (
				"${PODS_PODFILE_DIR_PATH}/Podfile.lock",
				"${PODS_ROOT}/Manifest.lock",
			);
			name = "[CP] Check Pods Manifest.lock";
			outputFileListPaths = (
			);
			outputPaths = (
				"$(DERIVED_FILE_DIR)/Pods-SportifyTests-checkManifestLockResult.txt",
			);
			runOnlyForDeploymentPostprocessing = 0;
			shellPath = /bin/sh;
			shellScript = "diff \"${PODS_PODFILE_DIR_PATH}/Podfile.lock\" \"${PODS_ROOT}/Manifest.lock\" > /dev/null\nif [ $? != 0 ] ; then\n    # print error to STDERR\n    echo \"error: The sandbox is not in sync with the Podfile.lock. Run 'pod install' or update your CocoaPods installation.\" >&2\n    exit 1\nfi\n# This output is used by Xcode 'outputs' to avoid re-running this script phase.\necho \"SUCCESS\" > \"${SCRIPT_OUTPUT_FILE_0}\"\n";
			showEnvVarsInLog = 0;
		};
		CF0D478AB766C35481E679EE /* [CP] Check Pods Manifest.lock */ = {
			isa = PBXShellScriptBuildPhase;
			buildActionMask = 2147483647;
			files = (
			);
			inputFileListPaths = (
			);
			inputPaths = (
				"${PODS_PODFILE_DIR_PATH}/Podfile.lock",
				"${PODS_ROOT}/Manifest.lock",
			);
			name = "[CP] Check Pods Manifest.lock";
			outputFileListPaths = (
			);
			outputPaths = (
				"$(DERIVED_FILE_DIR)/Pods-Sportify-checkManifestLockResult.txt",
			);
			runOnlyForDeploymentPostprocessing = 0;
			shellPath = /bin/sh;
			shellScript = "diff \"${PODS_PODFILE_DIR_PATH}/Podfile.lock\" \"${PODS_ROOT}/Manifest.lock\" > /dev/null\nif [ $? != 0 ] ; then\n    # print error to STDERR\n    echo \"error: The sandbox is not in sync with the Podfile.lock. Run 'pod install' or update your CocoaPods installation.\" >&2\n    exit 1\nfi\n# This output is used by Xcode 'outputs' to avoid re-running this script phase.\necho \"SUCCESS\" > \"${SCRIPT_OUTPUT_FILE_0}\"\n";
			showEnvVarsInLog = 0;
		};
		F4A7F3AB01648587D27FC983 /* [CP] Embed Pods Frameworks */ = {
			isa = PBXShellScriptBuildPhase;
			buildActionMask = 2147483647;
			files = (
			);
			inputFileListPaths = (
				"${PODS_ROOT}/Target Support Files/Pods-Sportify/Pods-Sportify-frameworks-${CONFIGURATION}-input-files.xcfilelist",
			);
			name = "[CP] Embed Pods Frameworks";
			outputFileListPaths = (
				"${PODS_ROOT}/Target Support Files/Pods-Sportify/Pods-Sportify-frameworks-${CONFIGURATION}-output-files.xcfilelist",
			);
			runOnlyForDeploymentPostprocessing = 0;
			shellPath = /bin/sh;
			shellScript = "\"${PODS_ROOT}/Target Support Files/Pods-Sportify/Pods-Sportify-frameworks.sh\"\n";
			showEnvVarsInLog = 0;
		};
/* End PBXShellScriptBuildPhase section */

/* Begin PBXSourcesBuildPhase section */
		0DD9C9D5262F42F000C12C58 /* Sources */ = {
			isa = PBXSourcesBuildPhase;
			buildActionMask = 2147483647;
			files = (
				C22CEE6A2634103E00E1FAC6 /* LeaguesModel.swift in Sources */,
				C2A8AA6A26363828006AAA57 /* TeamDetalsModel.swift in Sources */,
				0D131DE6262F4C8200D6969C /* LeaguesTableViewController.swift in Sources */,
				C22CEE6F2634127E00E1FAC6 /* LeaguesPresenter.swift in Sources */,
				C20CF77426316C1E0007059C /* AllSportsCollectionViewCell.swift in Sources */,
				C22CEE722634235400E1FAC6 /* WebViewViewController.swift in Sources */,
				C22CEE682634100400E1FAC6 /* LeaguesContracts.swift in Sources */,
				C2A8AA7126363A7A006AAA57 /* TeamDetailsPresenter.swift in Sources */,
				C213EF8226380A0C00C0E6A2 /* ApplicationNetworking.swift in Sources */,
				0DD9C9E7262F42F000C12C58 /* Sportify.xcdatamodeld in Sources */,
				0D89B24526355D7C00F6B06C /* LasteventsContract.swift in Sources */,
				0DC232A826325DAB007B6CA2 /* UpcomingCollectionViewCelll.swift in Sources */,
				0D131DE6262F4C8200D6969C /* LeaguesTableViewController.swift in Sources */,
				0D89B23F263543BD00F6B06C /* LastEventPresenter.swift in Sources */,
				0DD9C9E7262F42F000C12C58 /* Sportify.xcdatamodeld in Sources */,
				0DC232B326328F5B007B6CA2 /* LastCollectionViewCell.swift in Sources */,
				0D2014A82638CFED002096A7 /* FavoriteLeaguesPresenter.swift in Sources */,
				0D89B248263574C500F6B06C /* UpcomingEvents.swift in Sources */,
				C213EF8426380E5400C0E6A2 /* SportsAPI.swift in Sources */,
				0DC232BB26329E31007B6CA2 /* TeamsTableViewCell.swift in Sources */,
				0D89B23C2635262800F6B06C /* TeamsContract.swift in Sources */,
				0DD9C9DD262F42F000C12C58 /* AppDelegate.swift in Sources */,
				0DDC6B512630D74E00A4B002 /* NetworkManager.swift in Sources */,
				C213EF7E2637FF8D00C0E6A2 /* TargetType.swift in Sources */,
				0D89B2362635237A00F6B06C /* Team.swift in Sources */,
				0DD9C9DF262F42F000C12C58 /* SceneDelegate.swift in Sources */,
				C20CF77C26317FFE0007059C /* All Sports Contract.swift in Sources */,
				C20CF77726317F010007059C /* AllSportsModel.swift in Sources */,
				C2A8AA6C2636390D006AAA57 /* Team Details Contracts.swift in Sources */,
				C20CF77F263188300007059C /* Utils.swift in Sources */,
				0DC232BF26329E5C007B6CA2 /* TeamsCollectionViewCell.swift in Sources */,
				0D131DE9262F4CA500D6969C /* LeagueDetailsViewController.swift in Sources */,
				0DC232A326325DAB007B6CA2 /* HeaderTitleTableViewCell.swift in Sources */,
				0DDC6B4E2630D74E00A4B002 /* BaseContract.swift in Sources */,
				0DC232AD2632635D007B6CA2 /* UpcomingTableViewCell.swift in Sources */,
				0D89B2502635790100F6B06C /* UpcomingEventPresenter.swift in Sources */,
				0DC232B626329A7F007B6CA2 /* LastTableViewCell.swift in Sources */,
				0D89B24D263577D900F6B06C /* UpcomingEventsContract.swift in Sources */,
				0DF75481263937D30020F796 /* FavoriteLeaguesContracts.swift in Sources */,
				0D131DE3262F499100D6969C /* FavoriteLeaguesTableViewController.swift in Sources */,
				0D89B242263545B700F6B06C /* LastEvents.swift in Sources */,
				0DFD34A526379BBD00A7F8CE /* LeagueDetailsPresenter.swift in Sources */,
				0D89B2392635246700F6B06C /* TeamsPresenter.swift in Sources */,
				0DDC6B492630D74E00A4B002 /* Constants.swift in Sources */,
				C213EF80263801CE00C0E6A2 /* BaseAPI.swift in Sources */,
				0D2014A52638994C002096A7 /* LeagueDetailsContract.swift in Sources */,
				C2A8AA6826361B2B006AAA57 /* TeamDetailsTableViewController.swift in Sources */,
				0DDC6B542630D74E00A4B002 /* LocalManager.swift in Sources */,
				C20CF77126316BAE0007059C /* AllSportsViewController.swift in Sources */,
				C24367702632C85F00E1DB8D /* LeaguesTableViewCell.swift in Sources */,
				C20CF77926317FD70007059C /* AllSportPresenter.swift in Sources */,
			);
			runOnlyForDeploymentPostprocessing = 0;
		};
		0DD9C9EE262F42F100C12C58 /* Sources */ = {
			isa = PBXSourcesBuildPhase;
			buildActionMask = 2147483647;
			files = (
				C210B889263E6E3200E2D7A4 /* AllSportsTests.swift in Sources */,
				C2F768E1263EC5F20053D920 /* MockAllLeaguesAPI.swift in Sources */,
				0D79BC57263EE0AD00F3A54C /* UpcomingEventsLeagueDetailsTests.swift in Sources */,
				0D79BC55263ED5E700F3A54C /* MockTeamsLeagueDetailsAPI.swift in Sources */,
				0D79BC53263ECFD800F3A54C /* TeamsLeagueDetailsTests.swift in Sources */,
				0D79BC59263EE7B200F3A54C /* MockUpcomingEventsLeagueDetailsAPI.swift in Sources */,
				0D79BC5D263EEEF900F3A54C /* MockLastEventsLeagueDetailsAPI.swift in Sources */,
				0D79BC5B263EED3B00F3A54C /* LastEventsLeagueDetailsTests.swift in Sources */,
				0DD9C9F7262F42F100C12C58 /* SportifyTests.swift in Sources */,
				C210B88C263E720300E2D7A4 /* MockAllSportsAPI.swift in Sources */,
				C2F768E3263EC6170053D920 /* AllLeaguesTests.swift in Sources */,
			);
			runOnlyForDeploymentPostprocessing = 0;
		};
		0DD9C9F9262F42F100C12C58 /* Sources */ = {
			isa = PBXSourcesBuildPhase;
			buildActionMask = 2147483647;
			files = (
				C2F768D9263E83840053D920 /* AllsportsUITests.swift in Sources */,
				C2F768E5263EC7900053D920 /* AllLeaguesUITests.swift in Sources */,
				0DD9CA02262F42F100C12C58 /* SportifyUITests.swift in Sources */,
				0DDDF70C2640098800F0FB7E /* LeagueDetailsUITests.swift in Sources */,
			);
			runOnlyForDeploymentPostprocessing = 0;
		};
/* End PBXSourcesBuildPhase section */

/* Begin PBXTargetDependency section */
		0DD9C9F4262F42F100C12C58 /* PBXTargetDependency */ = {
			isa = PBXTargetDependency;
			target = 0DD9C9D8262F42F000C12C58 /* Sportify */;
			targetProxy = 0DD9C9F3262F42F100C12C58 /* PBXContainerItemProxy */;
		};
		0DD9C9FF262F42F100C12C58 /* PBXTargetDependency */ = {
			isa = PBXTargetDependency;
			target = 0DD9C9D8262F42F000C12C58 /* Sportify */;
			targetProxy = 0DD9C9FE262F42F100C12C58 /* PBXContainerItemProxy */;
		};
/* End PBXTargetDependency section */

/* Begin PBXVariantGroup section */
		0DD9C9E2262F42F000C12C58 /* Main.storyboard */ = {
			isa = PBXVariantGroup;
			children = (
				0DD9C9E3262F42F000C12C58 /* Base */,
			);
			name = Main.storyboard;
			sourceTree = "<group>";
		};
		0DD9C9EA262F42F100C12C58 /* LaunchScreen.storyboard */ = {
			isa = PBXVariantGroup;
			children = (
				0DD9C9EB262F42F100C12C58 /* Base */,
			);
			name = LaunchScreen.storyboard;
			sourceTree = "<group>";
		};
/* End PBXVariantGroup section */

/* Begin XCBuildConfiguration section */
		0DD9CA04262F42F100C12C58 /* Debug */ = {
			isa = XCBuildConfiguration;
			buildSettings = {
				ALWAYS_SEARCH_USER_PATHS = NO;
				CLANG_ANALYZER_NONNULL = YES;
				CLANG_ANALYZER_NUMBER_OBJECT_CONVERSION = YES_AGGRESSIVE;
				CLANG_CXX_LANGUAGE_STANDARD = "gnu++14";
				CLANG_CXX_LIBRARY = "libc++";
				CLANG_ENABLE_MODULES = YES;
				CLANG_ENABLE_OBJC_ARC = YES;
				CLANG_ENABLE_OBJC_WEAK = YES;
				CLANG_WARN_BLOCK_CAPTURE_AUTORELEASING = YES;
				CLANG_WARN_BOOL_CONVERSION = YES;
				CLANG_WARN_COMMA = YES;
				CLANG_WARN_CONSTANT_CONVERSION = YES;
				CLANG_WARN_DEPRECATED_OBJC_IMPLEMENTATIONS = YES;
				CLANG_WARN_DIRECT_OBJC_ISA_USAGE = YES_ERROR;
				CLANG_WARN_DOCUMENTATION_COMMENTS = YES;
				CLANG_WARN_EMPTY_BODY = YES;
				CLANG_WARN_ENUM_CONVERSION = YES;
				CLANG_WARN_INFINITE_RECURSION = YES;
				CLANG_WARN_INT_CONVERSION = YES;
				CLANG_WARN_NON_LITERAL_NULL_CONVERSION = YES;
				CLANG_WARN_OBJC_IMPLICIT_RETAIN_SELF = YES;
				CLANG_WARN_OBJC_LITERAL_CONVERSION = YES;
				CLANG_WARN_OBJC_ROOT_CLASS = YES_ERROR;
				CLANG_WARN_RANGE_LOOP_ANALYSIS = YES;
				CLANG_WARN_STRICT_PROTOTYPES = YES;
				CLANG_WARN_SUSPICIOUS_MOVE = YES;
				CLANG_WARN_UNGUARDED_AVAILABILITY = YES_AGGRESSIVE;
				CLANG_WARN_UNREACHABLE_CODE = YES;
				CLANG_WARN__DUPLICATE_METHOD_MATCH = YES;
				COPY_PHASE_STRIP = NO;
				DEBUG_INFORMATION_FORMAT = dwarf;
				ENABLE_STRICT_OBJC_MSGSEND = YES;
				ENABLE_TESTABILITY = YES;
				GCC_C_LANGUAGE_STANDARD = gnu11;
				GCC_DYNAMIC_NO_PIC = NO;
				GCC_NO_COMMON_BLOCKS = YES;
				GCC_OPTIMIZATION_LEVEL = 0;
				GCC_PREPROCESSOR_DEFINITIONS = (
					"DEBUG=1",
					"$(inherited)",
				);
				GCC_WARN_64_TO_32_BIT_CONVERSION = YES;
				GCC_WARN_ABOUT_RETURN_TYPE = YES_ERROR;
				GCC_WARN_UNDECLARED_SELECTOR = YES;
				GCC_WARN_UNINITIALIZED_AUTOS = YES_AGGRESSIVE;
				GCC_WARN_UNUSED_FUNCTION = YES;
				GCC_WARN_UNUSED_VARIABLE = YES;
				IPHONEOS_DEPLOYMENT_TARGET = 13.4;
				MTL_ENABLE_DEBUG_INFO = INCLUDE_SOURCE;
				MTL_FAST_MATH = YES;
				ONLY_ACTIVE_ARCH = YES;
				SDKROOT = iphoneos;
				SWIFT_ACTIVE_COMPILATION_CONDITIONS = DEBUG;
				SWIFT_OPTIMIZATION_LEVEL = "-Onone";
			};
			name = Debug;
		};
		0DD9CA05262F42F100C12C58 /* Release */ = {
			isa = XCBuildConfiguration;
			buildSettings = {
				ALWAYS_SEARCH_USER_PATHS = NO;
				CLANG_ANALYZER_NONNULL = YES;
				CLANG_ANALYZER_NUMBER_OBJECT_CONVERSION = YES_AGGRESSIVE;
				CLANG_CXX_LANGUAGE_STANDARD = "gnu++14";
				CLANG_CXX_LIBRARY = "libc++";
				CLANG_ENABLE_MODULES = YES;
				CLANG_ENABLE_OBJC_ARC = YES;
				CLANG_ENABLE_OBJC_WEAK = YES;
				CLANG_WARN_BLOCK_CAPTURE_AUTORELEASING = YES;
				CLANG_WARN_BOOL_CONVERSION = YES;
				CLANG_WARN_COMMA = YES;
				CLANG_WARN_CONSTANT_CONVERSION = YES;
				CLANG_WARN_DEPRECATED_OBJC_IMPLEMENTATIONS = YES;
				CLANG_WARN_DIRECT_OBJC_ISA_USAGE = YES_ERROR;
				CLANG_WARN_DOCUMENTATION_COMMENTS = YES;
				CLANG_WARN_EMPTY_BODY = YES;
				CLANG_WARN_ENUM_CONVERSION = YES;
				CLANG_WARN_INFINITE_RECURSION = YES;
				CLANG_WARN_INT_CONVERSION = YES;
				CLANG_WARN_NON_LITERAL_NULL_CONVERSION = YES;
				CLANG_WARN_OBJC_IMPLICIT_RETAIN_SELF = YES;
				CLANG_WARN_OBJC_LITERAL_CONVERSION = YES;
				CLANG_WARN_OBJC_ROOT_CLASS = YES_ERROR;
				CLANG_WARN_RANGE_LOOP_ANALYSIS = YES;
				CLANG_WARN_STRICT_PROTOTYPES = YES;
				CLANG_WARN_SUSPICIOUS_MOVE = YES;
				CLANG_WARN_UNGUARDED_AVAILABILITY = YES_AGGRESSIVE;
				CLANG_WARN_UNREACHABLE_CODE = YES;
				CLANG_WARN__DUPLICATE_METHOD_MATCH = YES;
				COPY_PHASE_STRIP = NO;
				DEBUG_INFORMATION_FORMAT = "dwarf-with-dsym";
				ENABLE_NS_ASSERTIONS = NO;
				ENABLE_STRICT_OBJC_MSGSEND = YES;
				GCC_C_LANGUAGE_STANDARD = gnu11;
				GCC_NO_COMMON_BLOCKS = YES;
				GCC_WARN_64_TO_32_BIT_CONVERSION = YES;
				GCC_WARN_ABOUT_RETURN_TYPE = YES_ERROR;
				GCC_WARN_UNDECLARED_SELECTOR = YES;
				GCC_WARN_UNINITIALIZED_AUTOS = YES_AGGRESSIVE;
				GCC_WARN_UNUSED_FUNCTION = YES;
				GCC_WARN_UNUSED_VARIABLE = YES;
				IPHONEOS_DEPLOYMENT_TARGET = 13.4;
				MTL_ENABLE_DEBUG_INFO = NO;
				MTL_FAST_MATH = YES;
				SDKROOT = iphoneos;
				SWIFT_COMPILATION_MODE = wholemodule;
				SWIFT_OPTIMIZATION_LEVEL = "-O";
				VALIDATE_PRODUCT = YES;
			};
			name = Release;
		};
		0DD9CA07262F42F100C12C58 /* Debug */ = {
			isa = XCBuildConfiguration;
			baseConfigurationReference = 62B6E992EB2528457798BB04 /* Pods-Sportify.debug.xcconfig */;
			buildSettings = {
				ASSETCATALOG_COMPILER_APPICON_NAME = AppIcon;
				CODE_SIGN_STYLE = Automatic;
				DEVELOPMENT_TEAM = ZZ64235YN9;
				INFOPLIST_FILE = Sportify/Info.plist;
				LD_RUNPATH_SEARCH_PATHS = (
					"$(inherited)",
					"@executable_path/Frameworks",
				);
				PRODUCT_BUNDLE_IDENTIFIER = "com.ITI-41.Sportify";
				PRODUCT_NAME = "$(TARGET_NAME)";
				SWIFT_VERSION = 5.0;
				TARGETED_DEVICE_FAMILY = "1,2";
			};
			name = Debug;
		};
		0DD9CA08262F42F100C12C58 /* Release */ = {
			isa = XCBuildConfiguration;
			baseConfigurationReference = 0E9845C57F1E579E3CAD280D /* Pods-Sportify.release.xcconfig */;
			buildSettings = {
				ASSETCATALOG_COMPILER_APPICON_NAME = AppIcon;
				CODE_SIGN_STYLE = Automatic;
				DEVELOPMENT_TEAM = ZZ64235YN9;
				INFOPLIST_FILE = Sportify/Info.plist;
				LD_RUNPATH_SEARCH_PATHS = (
					"$(inherited)",
					"@executable_path/Frameworks",
				);
				PRODUCT_BUNDLE_IDENTIFIER = "com.ITI-41.Sportify";
				PRODUCT_NAME = "$(TARGET_NAME)";
				SWIFT_VERSION = 5.0;
				TARGETED_DEVICE_FAMILY = "1,2";
			};
			name = Release;
		};
		0DD9CA0A262F42F100C12C58 /* Debug */ = {
			isa = XCBuildConfiguration;
			baseConfigurationReference = 49AD411C010DADB83B1B11C6 /* Pods-SportifyTests.debug.xcconfig */;
			buildSettings = {
				ALWAYS_EMBED_SWIFT_STANDARD_LIBRARIES = YES;
				BUNDLE_LOADER = "$(TEST_HOST)";
				CODE_SIGN_STYLE = Automatic;
				DEVELOPMENT_TEAM = ZZ64235YN9;
				INFOPLIST_FILE = SportifyTests/Info.plist;
				IPHONEOS_DEPLOYMENT_TARGET = 13.4;
				LD_RUNPATH_SEARCH_PATHS = (
					"$(inherited)",
					"@executable_path/Frameworks",
					"@loader_path/Frameworks",
				);
				PRODUCT_BUNDLE_IDENTIFIER = "com.ITI-41.SportifyTests";
				PRODUCT_NAME = "$(TARGET_NAME)";
				SWIFT_VERSION = 5.0;
				TARGETED_DEVICE_FAMILY = "1,2";
				TEST_HOST = "$(BUILT_PRODUCTS_DIR)/Sportify.app/Sportify";
			};
			name = Debug;
		};
		0DD9CA0B262F42F100C12C58 /* Release */ = {
			isa = XCBuildConfiguration;
			baseConfigurationReference = 6C326E23ED7E471601DF59A2 /* Pods-SportifyTests.release.xcconfig */;
			buildSettings = {
				ALWAYS_EMBED_SWIFT_STANDARD_LIBRARIES = YES;
				BUNDLE_LOADER = "$(TEST_HOST)";
				CODE_SIGN_STYLE = Automatic;
				DEVELOPMENT_TEAM = ZZ64235YN9;
				INFOPLIST_FILE = SportifyTests/Info.plist;
				IPHONEOS_DEPLOYMENT_TARGET = 13.4;
				LD_RUNPATH_SEARCH_PATHS = (
					"$(inherited)",
					"@executable_path/Frameworks",
					"@loader_path/Frameworks",
				);
				PRODUCT_BUNDLE_IDENTIFIER = "com.ITI-41.SportifyTests";
				PRODUCT_NAME = "$(TARGET_NAME)";
				SWIFT_VERSION = 5.0;
				TARGETED_DEVICE_FAMILY = "1,2";
				TEST_HOST = "$(BUILT_PRODUCTS_DIR)/Sportify.app/Sportify";
			};
			name = Release;
		};
		0DD9CA0D262F42F100C12C58 /* Debug */ = {
			isa = XCBuildConfiguration;
			baseConfigurationReference = DF9D6D3F29ED8AAC498B2D35 /* Pods-Sportify-SportifyUITests.debug.xcconfig */;
			buildSettings = {
				ALWAYS_EMBED_SWIFT_STANDARD_LIBRARIES = YES;
				CODE_SIGN_STYLE = Automatic;
				DEVELOPMENT_TEAM = ZZ64235YN9;
				INFOPLIST_FILE = SportifyUITests/Info.plist;
				LD_RUNPATH_SEARCH_PATHS = (
					"$(inherited)",
					"@executable_path/Frameworks",
					"@loader_path/Frameworks",
				);
				PRODUCT_BUNDLE_IDENTIFIER = "com.ITI-41.SportifyUITests";
				PRODUCT_NAME = "$(TARGET_NAME)";
				SWIFT_VERSION = 5.0;
				TARGETED_DEVICE_FAMILY = "1,2";
				TEST_TARGET_NAME = Sportify;
			};
			name = Debug;
		};
		0DD9CA0E262F42F100C12C58 /* Release */ = {
			isa = XCBuildConfiguration;
			baseConfigurationReference = F9D3D6A303DFA42F45936813 /* Pods-Sportify-SportifyUITests.release.xcconfig */;
			buildSettings = {
				ALWAYS_EMBED_SWIFT_STANDARD_LIBRARIES = YES;
				CODE_SIGN_STYLE = Automatic;
				DEVELOPMENT_TEAM = ZZ64235YN9;
				INFOPLIST_FILE = SportifyUITests/Info.plist;
				LD_RUNPATH_SEARCH_PATHS = (
					"$(inherited)",
					"@executable_path/Frameworks",
					"@loader_path/Frameworks",
				);
				PRODUCT_BUNDLE_IDENTIFIER = "com.ITI-41.SportifyUITests";
				PRODUCT_NAME = "$(TARGET_NAME)";
				SWIFT_VERSION = 5.0;
				TARGETED_DEVICE_FAMILY = "1,2";
				TEST_TARGET_NAME = Sportify;
			};
			name = Release;
		};
/* End XCBuildConfiguration section */

/* Begin XCConfigurationList section */
		0DD9C9D4262F42EF00C12C58 /* Build configuration list for PBXProject "Sportify" */ = {
			isa = XCConfigurationList;
			buildConfigurations = (
				0DD9CA04262F42F100C12C58 /* Debug */,
				0DD9CA05262F42F100C12C58 /* Release */,
			);
			defaultConfigurationIsVisible = 0;
			defaultConfigurationName = Release;
		};
		0DD9CA06262F42F100C12C58 /* Build configuration list for PBXNativeTarget "Sportify" */ = {
			isa = XCConfigurationList;
			buildConfigurations = (
				0DD9CA07262F42F100C12C58 /* Debug */,
				0DD9CA08262F42F100C12C58 /* Release */,
			);
			defaultConfigurationIsVisible = 0;
			defaultConfigurationName = Release;
		};
		0DD9CA09262F42F100C12C58 /* Build configuration list for PBXNativeTarget "SportifyTests" */ = {
			isa = XCConfigurationList;
			buildConfigurations = (
				0DD9CA0A262F42F100C12C58 /* Debug */,
				0DD9CA0B262F42F100C12C58 /* Release */,
			);
			defaultConfigurationIsVisible = 0;
			defaultConfigurationName = Release;
		};
		0DD9CA0C262F42F100C12C58 /* Build configuration list for PBXNativeTarget "SportifyUITests" */ = {
			isa = XCConfigurationList;
			buildConfigurations = (
				0DD9CA0D262F42F100C12C58 /* Debug */,
				0DD9CA0E262F42F100C12C58 /* Release */,
			);
			defaultConfigurationIsVisible = 0;
			defaultConfigurationName = Release;
		};
/* End XCConfigurationList section */

/* Begin XCVersionGroup section */
		0DD9C9E5262F42F000C12C58 /* Sportify.xcdatamodeld */ = {
			isa = XCVersionGroup;
			children = (
				0DD9C9E6262F42F000C12C58 /* Sportify.xcdatamodel */,
			);
			currentVersion = 0DD9C9E6262F42F000C12C58 /* Sportify.xcdatamodel */;
			path = Sportify.xcdatamodeld;
			sourceTree = "<group>";
			versionGroupType = wrapper.xcdatamodel;
		};
/* End XCVersionGroup section */
	};
	rootObject = 0DD9C9D1262F42EF00C12C58 /* Project object */;
}
